// !$*UTF8*$!
{
	archiveVersion = 1;
	classes = {
	};
	objectVersion = 50;
	objects = {

/* Begin PBXBuildFile section */
		44CE35C5DA0FCE077A20EAC7 /* Pods_photoLibs.framework in Frameworks */ = {isa = PBXBuildFile; fileRef = EFBDBC8B54962CE124A8298A /* Pods_photoLibs.framework */; };
		CE0D5C7D2377F734003C57B4 /* PhotoCollectionCell.swift in Sources */ = {isa = PBXBuildFile; fileRef = CE0D5C7B2377F734003C57B4 /* PhotoCollectionCell.swift */; };
		CE0D5C7E2377F734003C57B4 /* PhotoCollectionCell.xib in Resources */ = {isa = PBXBuildFile; fileRef = CE0D5C7C2377F734003C57B4 /* PhotoCollectionCell.xib */; };
		CE0D5C8A23780267003C57B4 /* NavigBarView.xib in Resources */ = {isa = PBXBuildFile; fileRef = CE0D5C8123780267003C57B4 /* NavigBarView.xib */; };
		CE0D5C8B23780267003C57B4 /* ImageStoryboard.storyboard in Resources */ = {isa = PBXBuildFile; fileRef = CE0D5C8223780267003C57B4 /* ImageStoryboard.storyboard */; };
		CE0D5C8C23780267003C57B4 /* CellZoom.swift in Sources */ = {isa = PBXBuildFile; fileRef = CE0D5C8423780267003C57B4 /* CellZoom.swift */; };
		CE0D5C8D23780267003C57B4 /* ImageZoomVC.swift in Sources */ = {isa = PBXBuildFile; fileRef = CE0D5C8523780267003C57B4 /* ImageZoomVC.swift */; };
		CE0D5C8E23780267003C57B4 /* CellZoom.xib in Resources */ = {isa = PBXBuildFile; fileRef = CE0D5C8623780267003C57B4 /* CellZoom.xib */; };
		CE0D5C8F23780267003C57B4 /* ImageScrollView.swift in Sources */ = {isa = PBXBuildFile; fileRef = CE0D5C8823780267003C57B4 /* ImageScrollView.swift */; };
		CE0D5C9023780267003C57B4 /* NavigBarView.swift in Sources */ = {isa = PBXBuildFile; fileRef = CE0D5C8923780267003C57B4 /* NavigBarView.swift */; };
		CE0D5C9823799718003C57B4 /* PresentZoomVCAnimation.swift in Sources */ = {isa = PBXBuildFile; fileRef = CE0D5C9623799718003C57B4 /* PresentZoomVCAnimation.swift */; };
		CE0D5C9923799718003C57B4 /* DismissZoomVCAnimation.swift in Sources */ = {isa = PBXBuildFile; fileRef = CE0D5C9723799718003C57B4 /* DismissZoomVCAnimation.swift */; };
		CE0D5CA3237BC38B003C57B4 /* ViewPhotoCollection.xib in Resources */ = {isa = PBXBuildFile; fileRef = CE0D5CA2237BC38B003C57B4 /* ViewPhotoCollection.xib */; };
		CE0D5CA5237BC3AC003C57B4 /* ViewPhotoCollection.swift in Sources */ = {isa = PBXBuildFile; fileRef = CE0D5CA4237BC3AC003C57B4 /* ViewPhotoCollection.swift */; };
		CE0D5CA7237BD4BF003C57B4 /* TestVC.swift in Sources */ = {isa = PBXBuildFile; fileRef = CE0D5CA6237BD4BF003C57B4 /* TestVC.swift */; };
		CE94D5F7237D593A00314322 /* Extension.swift in Sources */ = {isa = PBXBuildFile; fileRef = CE94D5F6237D593A00314322 /* Extension.swift */; };
		CE94D5FA237D5D8100314322 /* CameraVCCollectionExtension.swift in Sources */ = {isa = PBXBuildFile; fileRef = CE94D5F9237D5D8100314322 /* CameraVCCollectionExtension.swift */; };
		CE94D5FC237D5DD200314322 /* CameraVCPresentCollectionAnimate.swift in Sources */ = {isa = PBXBuildFile; fileRef = CE94D5FB237D5DD200314322 /* CameraVCPresentCollectionAnimate.swift */; };
		CE94D5FF237D5EF300314322 /* PhotoVCExtensionCollection.swift in Sources */ = {isa = PBXBuildFile; fileRef = CE94D5FE237D5EF300314322 /* PhotoVCExtensionCollection.swift */; };
		CE94D601237D5F3100314322 /* PhotoVCExtension.swift in Sources */ = {isa = PBXBuildFile; fileRef = CE94D600237D5F3100314322 /* PhotoVCExtension.swift */; };
		CE94D608237D79BC00314322 /* AlbumView.xib in Resources */ = {isa = PBXBuildFile; fileRef = CE94D607237D79BC00314322 /* AlbumView.xib */; };
		CE94D60A237D79E000314322 /* AlbumView.swift in Sources */ = {isa = PBXBuildFile; fileRef = CE94D609237D79E000314322 /* AlbumView.swift */; };
		CEEC0AC72377D91A00CFBFD4 /* AppDelegate.swift in Sources */ = {isa = PBXBuildFile; fileRef = CEEC0AC62377D91A00CFBFD4 /* AppDelegate.swift */; };
		CEEC0ACE2377D91C00CFBFD4 /* Assets.xcassets in Resources */ = {isa = PBXBuildFile; fileRef = CEEC0ACD2377D91C00CFBFD4 /* Assets.xcassets */; };
		CEEC0AD12377D91C00CFBFD4 /* LaunchScreen.storyboard in Resources */ = {isa = PBXBuildFile; fileRef = CEEC0ACF2377D91C00CFBFD4 /* LaunchScreen.storyboard */; };
		CEEC0ADF2377DBE700CFBFD4 /* SupportNotification.swift in Sources */ = {isa = PBXBuildFile; fileRef = CEEC0AD92377DBE600CFBFD4 /* SupportNotification.swift */; };
		CEEC0AE02377DBE700CFBFD4 /* UIWindovs.swift in Sources */ = {isa = PBXBuildFile; fileRef = CEEC0ADA2377DBE700CFBFD4 /* UIWindovs.swift */; };
		CEEC0AE12377DBE700CFBFD4 /* Utils.swift in Sources */ = {isa = PBXBuildFile; fileRef = CEEC0ADB2377DBE700CFBFD4 /* Utils.swift */; };
		CEEC0AE22377DBE700CFBFD4 /* ApplicationOpportunities.swift in Sources */ = {isa = PBXBuildFile; fileRef = CEEC0ADC2377DBE700CFBFD4 /* ApplicationOpportunities.swift */; };
		CEEC0AE32377DBE700CFBFD4 /* ManagerPhotos.swift in Sources */ = {isa = PBXBuildFile; fileRef = CEEC0ADD2377DBE700CFBFD4 /* ManagerPhotos.swift */; };
		CEEC0AE42377DBE700CFBFD4 /* SupportClass.swift in Sources */ = {isa = PBXBuildFile; fileRef = CEEC0ADE2377DBE700CFBFD4 /* SupportClass.swift */; };
		CEEC0AE92377DEE400CFBFD4 /* TabBarStoryboard.storyboard in Resources */ = {isa = PBXBuildFile; fileRef = CEEC0AE82377DEE400CFBFD4 /* TabBarStoryboard.storyboard */; };
		CEEC0AEB2377DF1D00CFBFD4 /* TabBarVC.swift in Sources */ = {isa = PBXBuildFile; fileRef = CEEC0AEA2377DF1D00CFBFD4 /* TabBarVC.swift */; };
		CEEC0AF02377DF9800CFBFD4 /* UIViewController.swift in Sources */ = {isa = PBXBuildFile; fileRef = CEEC0AEF2377DF9800CFBFD4 /* UIViewController.swift */; };
		CEEC0AF32377E0B600CFBFD4 /* TwoButton.storyboard in Resources */ = {isa = PBXBuildFile; fileRef = CEEC0AF22377E0B600CFBFD4 /* TwoButton.storyboard */; };
		CEEC0AF52377E0D000CFBFD4 /* Alert.storyboard in Resources */ = {isa = PBXBuildFile; fileRef = CEEC0AF42377E0D000CFBFD4 /* Alert.storyboard */; };
		CEEC0AF72377E14500CFBFD4 /* TwoButtonVC.swift in Sources */ = {isa = PBXBuildFile; fileRef = CEEC0AF62377E14500CFBFD4 /* TwoButtonVC.swift */; };
		CEEC0AF92377E19F00CFBFD4 /* AlertViewController.swift in Sources */ = {isa = PBXBuildFile; fileRef = CEEC0AF82377E19F00CFBFD4 /* AlertViewController.swift */; };
		CEEC0B002377E23300CFBFD4 /* PhotoViewController.swift in Sources */ = {isa = PBXBuildFile; fileRef = CEEC0AFD2377E23300CFBFD4 /* PhotoViewController.swift */; };
		CEEC0B032377E77400CFBFD4 /* CameraViewController.swift in Sources */ = {isa = PBXBuildFile; fileRef = CEEC0B022377E77400CFBFD4 /* CameraViewController.swift */; };
/* End PBXBuildFile section */

/* Begin PBXFileReference section */
		171DB45814FB3815FC442050 /* Pods-photoLibs.debug.xcconfig */ = {isa = PBXFileReference; includeInIndex = 1; lastKnownFileType = text.xcconfig; name = "Pods-photoLibs.debug.xcconfig"; path = "Pods/Target Support Files/Pods-photoLibs/Pods-photoLibs.debug.xcconfig"; sourceTree = "<group>"; };
		A73A78AB21CE2F5527D6FC52 /* Pods-photoLibs.release.xcconfig */ = {isa = PBXFileReference; includeInIndex = 1; lastKnownFileType = text.xcconfig; name = "Pods-photoLibs.release.xcconfig"; path = "Pods/Target Support Files/Pods-photoLibs/Pods-photoLibs.release.xcconfig"; sourceTree = "<group>"; };
		CE0D5C7B2377F734003C57B4 /* PhotoCollectionCell.swift */ = {isa = PBXFileReference; fileEncoding = 4; lastKnownFileType = sourcecode.swift; path = PhotoCollectionCell.swift; sourceTree = "<group>"; };
		CE0D5C7C2377F734003C57B4 /* PhotoCollectionCell.xib */ = {isa = PBXFileReference; fileEncoding = 4; lastKnownFileType = file.xib; path = PhotoCollectionCell.xib; sourceTree = "<group>"; };
		CE0D5C8123780267003C57B4 /* NavigBarView.xib */ = {isa = PBXFileReference; fileEncoding = 4; lastKnownFileType = file.xib; path = NavigBarView.xib; sourceTree = "<group>"; };
		CE0D5C8223780267003C57B4 /* ImageStoryboard.storyboard */ = {isa = PBXFileReference; fileEncoding = 4; lastKnownFileType = file.storyboard; path = ImageStoryboard.storyboard; sourceTree = "<group>"; };
		CE0D5C8423780267003C57B4 /* CellZoom.swift */ = {isa = PBXFileReference; fileEncoding = 4; lastKnownFileType = sourcecode.swift; path = CellZoom.swift; sourceTree = "<group>"; };
		CE0D5C8523780267003C57B4 /* ImageZoomVC.swift */ = {isa = PBXFileReference; fileEncoding = 4; lastKnownFileType = sourcecode.swift; path = ImageZoomVC.swift; sourceTree = "<group>"; };
		CE0D5C8623780267003C57B4 /* CellZoom.xib */ = {isa = PBXFileReference; fileEncoding = 4; lastKnownFileType = file.xib; path = CellZoom.xib; sourceTree = "<group>"; };
		CE0D5C8823780267003C57B4 /* ImageScrollView.swift */ = {isa = PBXFileReference; fileEncoding = 4; lastKnownFileType = sourcecode.swift; path = ImageScrollView.swift; sourceTree = "<group>"; };
		CE0D5C8923780267003C57B4 /* NavigBarView.swift */ = {isa = PBXFileReference; fileEncoding = 4; lastKnownFileType = sourcecode.swift; path = NavigBarView.swift; sourceTree = "<group>"; };
		CE0D5C9623799718003C57B4 /* PresentZoomVCAnimation.swift */ = {isa = PBXFileReference; fileEncoding = 4; lastKnownFileType = sourcecode.swift; path = PresentZoomVCAnimation.swift; sourceTree = "<group>"; };
		CE0D5C9723799718003C57B4 /* DismissZoomVCAnimation.swift */ = {isa = PBXFileReference; fileEncoding = 4; lastKnownFileType = sourcecode.swift; path = DismissZoomVCAnimation.swift; sourceTree = "<group>"; };
		CE0D5CA2237BC38B003C57B4 /* ViewPhotoCollection.xib */ = {isa = PBXFileReference; lastKnownFileType = file.xib; path = ViewPhotoCollection.xib; sourceTree = "<group>"; };
		CE0D5CA4237BC3AC003C57B4 /* ViewPhotoCollection.swift */ = {isa = PBXFileReference; lastKnownFileType = sourcecode.swift; path = ViewPhotoCollection.swift; sourceTree = "<group>"; };
		CE0D5CA6237BD4BF003C57B4 /* TestVC.swift */ = {isa = PBXFileReference; lastKnownFileType = sourcecode.swift; path = TestVC.swift; sourceTree = "<group>"; };
		CE94D5F6237D593A00314322 /* Extension.swift */ = {isa = PBXFileReference; lastKnownFileType = sourcecode.swift; path = Extension.swift; sourceTree = "<group>"; };
		CE94D5F9237D5D8100314322 /* CameraVCCollectionExtension.swift */ = {isa = PBXFileReference; lastKnownFileType = sourcecode.swift; path = CameraVCCollectionExtension.swift; sourceTree = "<group>"; };
		CE94D5FB237D5DD200314322 /* CameraVCPresentCollectionAnimate.swift */ = {isa = PBXFileReference; lastKnownFileType = sourcecode.swift; path = CameraVCPresentCollectionAnimate.swift; sourceTree = "<group>"; };
		CE94D5FE237D5EF300314322 /* PhotoVCExtensionCollection.swift */ = {isa = PBXFileReference; lastKnownFileType = sourcecode.swift; path = PhotoVCExtensionCollection.swift; sourceTree = "<group>"; };
		CE94D600237D5F3100314322 /* PhotoVCExtension.swift */ = {isa = PBXFileReference; lastKnownFileType = sourcecode.swift; path = PhotoVCExtension.swift; sourceTree = "<group>"; };
		CE94D607237D79BC00314322 /* AlbumView.xib */ = {isa = PBXFileReference; lastKnownFileType = file.xib; path = AlbumView.xib; sourceTree = "<group>"; };
		CE94D609237D79E000314322 /* AlbumView.swift */ = {isa = PBXFileReference; lastKnownFileType = sourcecode.swift; path = AlbumView.swift; sourceTree = "<group>"; };
		CEEC0AC32377D91A00CFBFD4 /* photoLibs.app */ = {isa = PBXFileReference; explicitFileType = wrapper.application; includeInIndex = 0; path = photoLibs.app; sourceTree = BUILT_PRODUCTS_DIR; };
		CEEC0AC62377D91A00CFBFD4 /* AppDelegate.swift */ = {isa = PBXFileReference; lastKnownFileType = sourcecode.swift; path = AppDelegate.swift; sourceTree = "<group>"; };
		CEEC0ACD2377D91C00CFBFD4 /* Assets.xcassets */ = {isa = PBXFileReference; lastKnownFileType = folder.assetcatalog; path = Assets.xcassets; sourceTree = "<group>"; };
		CEEC0AD02377D91C00CFBFD4 /* Base */ = {isa = PBXFileReference; lastKnownFileType = file.storyboard; name = Base; path = Base.lproj/LaunchScreen.storyboard; sourceTree = "<group>"; };
		CEEC0AD22377D91C00CFBFD4 /* Info.plist */ = {isa = PBXFileReference; lastKnownFileType = text.plist.xml; path = Info.plist; sourceTree = "<group>"; };
		CEEC0AD92377DBE600CFBFD4 /* SupportNotification.swift */ = {isa = PBXFileReference; fileEncoding = 4; lastKnownFileType = sourcecode.swift; path = SupportNotification.swift; sourceTree = "<group>"; };
		CEEC0ADA2377DBE700CFBFD4 /* UIWindovs.swift */ = {isa = PBXFileReference; fileEncoding = 4; lastKnownFileType = sourcecode.swift; path = UIWindovs.swift; sourceTree = "<group>"; };
		CEEC0ADB2377DBE700CFBFD4 /* Utils.swift */ = {isa = PBXFileReference; fileEncoding = 4; lastKnownFileType = sourcecode.swift; path = Utils.swift; sourceTree = "<group>"; };
		CEEC0ADC2377DBE700CFBFD4 /* ApplicationOpportunities.swift */ = {isa = PBXFileReference; fileEncoding = 4; lastKnownFileType = sourcecode.swift; path = ApplicationOpportunities.swift; sourceTree = "<group>"; };
		CEEC0ADD2377DBE700CFBFD4 /* ManagerPhotos.swift */ = {isa = PBXFileReference; fileEncoding = 4; lastKnownFileType = sourcecode.swift; path = ManagerPhotos.swift; sourceTree = "<group>"; };
		CEEC0ADE2377DBE700CFBFD4 /* SupportClass.swift */ = {isa = PBXFileReference; fileEncoding = 4; lastKnownFileType = sourcecode.swift; path = SupportClass.swift; sourceTree = "<group>"; };
		CEEC0AE82377DEE400CFBFD4 /* TabBarStoryboard.storyboard */ = {isa = PBXFileReference; lastKnownFileType = file.storyboard; path = TabBarStoryboard.storyboard; sourceTree = "<group>"; };
		CEEC0AEA2377DF1D00CFBFD4 /* TabBarVC.swift */ = {isa = PBXFileReference; fileEncoding = 4; lastKnownFileType = sourcecode.swift; path = TabBarVC.swift; sourceTree = "<group>"; };
		CEEC0AEF2377DF9800CFBFD4 /* UIViewController.swift */ = {isa = PBXFileReference; lastKnownFileType = sourcecode.swift; path = UIViewController.swift; sourceTree = "<group>"; };
		CEEC0AF22377E0B600CFBFD4 /* TwoButton.storyboard */ = {isa = PBXFileReference; lastKnownFileType = file.storyboard; path = TwoButton.storyboard; sourceTree = "<group>"; };
		CEEC0AF42377E0D000CFBFD4 /* Alert.storyboard */ = {isa = PBXFileReference; lastKnownFileType = file.storyboard; path = Alert.storyboard; sourceTree = "<group>"; };
		CEEC0AF62377E14500CFBFD4 /* TwoButtonVC.swift */ = {isa = PBXFileReference; lastKnownFileType = sourcecode.swift; path = TwoButtonVC.swift; sourceTree = "<group>"; };
		CEEC0AF82377E19F00CFBFD4 /* AlertViewController.swift */ = {isa = PBXFileReference; lastKnownFileType = sourcecode.swift; path = AlertViewController.swift; sourceTree = "<group>"; };
		CEEC0AFD2377E23300CFBFD4 /* PhotoViewController.swift */ = {isa = PBXFileReference; fileEncoding = 4; lastKnownFileType = sourcecode.swift; path = PhotoViewController.swift; sourceTree = "<group>"; };
		CEEC0B022377E77400CFBFD4 /* CameraViewController.swift */ = {isa = PBXFileReference; lastKnownFileType = sourcecode.swift; path = CameraViewController.swift; sourceTree = "<group>"; };
		EFBDBC8B54962CE124A8298A /* Pods_photoLibs.framework */ = {isa = PBXFileReference; explicitFileType = wrapper.framework; includeInIndex = 0; path = Pods_photoLibs.framework; sourceTree = BUILT_PRODUCTS_DIR; };
/* End PBXFileReference section */

/* Begin PBXFrameworksBuildPhase section */
		CEEC0AC02377D91A00CFBFD4 /* Frameworks */ = {
			isa = PBXFrameworksBuildPhase;
			buildActionMask = 2147483647;
			files = (
				44CE35C5DA0FCE077A20EAC7 /* Pods_photoLibs.framework in Frameworks */,
			);
			runOnlyForDeploymentPostprocessing = 0;
		};
/* End PBXFrameworksBuildPhase section */

/* Begin PBXGroup section */
		2817670DDEC2F70E2FE30D28 /* Frameworks */ = {
			isa = PBXGroup;
			children = (
				EFBDBC8B54962CE124A8298A /* Pods_photoLibs.framework */,
			);
			name = Frameworks;
			sourceTree = "<group>";
		};
		31CC5225F158A23FCCBF86D8 /* Pods */ = {
			isa = PBXGroup;
			children = (
				171DB45814FB3815FC442050 /* Pods-photoLibs.debug.xcconfig */,
				A73A78AB21CE2F5527D6FC52 /* Pods-photoLibs.release.xcconfig */,
			);
			name = Pods;
			sourceTree = "<group>";
		};
		CE0D5C7F2377FC28003C57B4 /* View */ = {
			isa = PBXGroup;
			children = (
				CE0D5C8823780267003C57B4 /* ImageScrollView.swift */,
				CE0D5C91237802FF003C57B4 /* NavigBarView */,
				CE0D5CA1237BC302003C57B4 /* Collection PhotoCam */,
				CE94D604237D797900314322 /* AlbumButton */,
			);
			path = View;
			sourceTree = "<group>";
		};
		CE0D5C8023780267003C57B4 /* ImageZoomVC */ = {
			isa = PBXGroup;
			children = (
				CE0D5C8223780267003C57B4 /* ImageStoryboard.storyboard */,
				CE0D5C8323780267003C57B4 /* VC */,
			);
			path = ImageZoomVC;
			sourceTree = "<group>";
		};
		CE0D5C8323780267003C57B4 /* VC */ = {
			isa = PBXGroup;
			children = (
				CE0D5C8523780267003C57B4 /* ImageZoomVC.swift */,
				CE0D5C8423780267003C57B4 /* CellZoom.swift */,
				CE0D5C8623780267003C57B4 /* CellZoom.xib */,
			);
			path = VC;
			sourceTree = "<group>";
		};
		CE0D5C91237802FF003C57B4 /* NavigBarView */ = {
			isa = PBXGroup;
			children = (
				CE0D5C8123780267003C57B4 /* NavigBarView.xib */,
				CE0D5C8923780267003C57B4 /* NavigBarView.swift */,
			);
			path = NavigBarView;
			sourceTree = "<group>";
		};
		CE0D5C95237996BF003C57B4 /* Animate Present Foto */ = {
			isa = PBXGroup;
			children = (
				CE0D5C9623799718003C57B4 /* PresentZoomVCAnimation.swift */,
				CE0D5C9723799718003C57B4 /* DismissZoomVCAnimation.swift */,
			);
			path = "Animate Present Foto";
			sourceTree = "<group>";
		};
		CE0D5CA1237BC302003C57B4 /* Collection PhotoCam */ = {
			isa = PBXGroup;
			children = (
				CE0D5CA2237BC38B003C57B4 /* ViewPhotoCollection.xib */,
				CE0D5CA4237BC3AC003C57B4 /* ViewPhotoCollection.swift */,
			);
			path = "Collection PhotoCam";
			sourceTree = "<group>";
		};
		CE94D5F8237D5D5300314322 /* CameraVC */ = {
			isa = PBXGroup;
			children = (
				CEEC0B022377E77400CFBFD4 /* CameraViewController.swift */,
				CE94D5F9237D5D8100314322 /* CameraVCCollectionExtension.swift */,
				CE94D5FB237D5DD200314322 /* CameraVCPresentCollectionAnimate.swift */,
			);
			path = CameraVC;
			sourceTree = "<group>";
		};
		CE94D5FD237D5EBE00314322 /* PhotoCell */ = {
			isa = PBXGroup;
			children = (
				CE0D5C7B2377F734003C57B4 /* PhotoCollectionCell.swift */,
				CE0D5C7C2377F734003C57B4 /* PhotoCollectionCell.xib */,
			);
			path = PhotoCell;
			sourceTree = "<group>";
		};
		CE94D604237D797900314322 /* AlbumButton */ = {
			isa = PBXGroup;
			children = (
				CE94D607237D79BC00314322 /* AlbumView.xib */,
				CE94D609237D79E000314322 /* AlbumView.swift */,
			);
			path = AlbumButton;
			sourceTree = "<group>";
		};
		CEEC0ABA2377D91A00CFBFD4 = {
			isa = PBXGroup;
			children = (
				CEEC0AC52377D91A00CFBFD4 /* photoLibs */,
				CEEC0AC42377D91A00CFBFD4 /* Products */,
				31CC5225F158A23FCCBF86D8 /* Pods */,
				2817670DDEC2F70E2FE30D28 /* Frameworks */,
			);
			sourceTree = "<group>";
		};
		CEEC0AC42377D91A00CFBFD4 /* Products */ = {
			isa = PBXGroup;
			children = (
				CEEC0AC32377D91A00CFBFD4 /* photoLibs.app */,
			);
			name = Products;
			sourceTree = "<group>";
		};
		CEEC0AC52377D91A00CFBFD4 /* photoLibs */ = {
			isa = PBXGroup;
			children = (
				CEEC0AC62377D91A00CFBFD4 /* AppDelegate.swift */,
				CEEC0AD82377DB9200CFBFD4 /* Support */,
				CEEC0AE52377DC1600CFBFD4 /* Resorces */,
				CEEC0AE62377DE3200CFBFD4 /* Controllers */,
				CE0D5C7F2377FC28003C57B4 /* View */,
			);
			path = photoLibs;
			sourceTree = "<group>";
		};
		CEEC0AD82377DB9200CFBFD4 /* Support */ = {
			isa = PBXGroup;
			children = (
				CEEC0AF12377DFC200CFBFD4 /* Application */,
				CEEC0AEE2377DF7D00CFBFD4 /* extension */,
				CEEC0ADD2377DBE700CFBFD4 /* ManagerPhotos.swift */,
				CEEC0ADE2377DBE700CFBFD4 /* SupportClass.swift */,
				CEEC0AD92377DBE600CFBFD4 /* SupportNotification.swift */,
				CE94D5F6237D593A00314322 /* Extension.swift */,
				CE0D5C95237996BF003C57B4 /* Animate Present Foto */,
			);
			path = Support;
			sourceTree = "<group>";
		};
		CEEC0AE52377DC1600CFBFD4 /* Resorces */ = {
			isa = PBXGroup;
			children = (
				CEEC0ACD2377D91C00CFBFD4 /* Assets.xcassets */,
				CEEC0ACF2377D91C00CFBFD4 /* LaunchScreen.storyboard */,
				CEEC0AD22377D91C00CFBFD4 /* Info.plist */,
			);
			path = Resorces;
			sourceTree = "<group>";
		};
		CEEC0AE62377DE3200CFBFD4 /* Controllers */ = {
			isa = PBXGroup;
			children = (
				CE0D5CA6237BD4BF003C57B4 /* TestVC.swift */,
				CEEC0AED2377DF4600CFBFD4 /* Alert */,
				CEEC0AEC2377DF2500CFBFD4 /* TwoButton */,
				CEEC0AE72377DE8D00CFBFD4 /* TabBar */,
				CE0D5C8023780267003C57B4 /* ImageZoomVC */,
			);
			path = Controllers;
			sourceTree = "<group>";
		};
		CEEC0AE72377DE8D00CFBFD4 /* TabBar */ = {
			isa = PBXGroup;
			children = (
				CEEC0AE82377DEE400CFBFD4 /* TabBarStoryboard.storyboard */,
				CEEC0AEA2377DF1D00CFBFD4 /* TabBarVC.swift */,
			);
			path = TabBar;
			sourceTree = "<group>";
		};
		CEEC0AEC2377DF2500CFBFD4 /* TwoButton */ = {
			isa = PBXGroup;
			children = (
				CEEC0AF22377E0B600CFBFD4 /* TwoButton.storyboard */,
				CEEC0AF62377E14500CFBFD4 /* TwoButtonVC.swift */,
				CE94D5F8237D5D5300314322 /* CameraVC */,
				CEEC0AFB2377E23300CFBFD4 /* PhotoCollectionVC */,
			);
			path = TwoButton;
			sourceTree = "<group>";
		};
		CEEC0AED2377DF4600CFBFD4 /* Alert */ = {
			isa = PBXGroup;
			children = (
				CEEC0AF42377E0D000CFBFD4 /* Alert.storyboard */,
				CEEC0AF82377E19F00CFBFD4 /* AlertViewController.swift */,
			);
			path = Alert;
			sourceTree = "<group>";
		};
		CEEC0AEE2377DF7D00CFBFD4 /* extension */ = {
			isa = PBXGroup;
			children = (
				CEEC0ADA2377DBE700CFBFD4 /* UIWindovs.swift */,
				CEEC0AEF2377DF9800CFBFD4 /* UIViewController.swift */,
			);
			path = extension;
			sourceTree = "<group>";
		};
		CEEC0AF12377DFC200CFBFD4 /* Application */ = {
			isa = PBXGroup;
			children = (
				CEEC0ADC2377DBE700CFBFD4 /* ApplicationOpportunities.swift */,
				CEEC0ADB2377DBE700CFBFD4 /* Utils.swift */,
			);
			path = Application;
			sourceTree = "<group>";
		};
		CEEC0AFB2377E23300CFBFD4 /* PhotoCollectionVC */ = {
			isa = PBXGroup;
			children = (
				CEEC0AFD2377E23300CFBFD4 /* PhotoViewController.swift */,
				CE94D600237D5F3100314322 /* PhotoVCExtension.swift */,
				CE94D5FE237D5EF300314322 /* PhotoVCExtensionCollection.swift */,
				CE94D5FD237D5EBE00314322 /* PhotoCell */,
			);
			path = PhotoCollectionVC;
			sourceTree = "<group>";
		};
/* End PBXGroup section */

/* Begin PBXNativeTarget section */
		CEEC0AC22377D91A00CFBFD4 /* photoLibs */ = {
			isa = PBXNativeTarget;
			buildConfigurationList = CEEC0AD52377D91C00CFBFD4 /* Build configuration list for PBXNativeTarget "photoLibs" */;
			buildPhases = (
				A002352A7D8656CF3F06078B /* [CP] Check Pods Manifest.lock */,
				CEEC0ABF2377D91A00CFBFD4 /* Sources */,
				CEEC0AC02377D91A00CFBFD4 /* Frameworks */,
				CEEC0AC12377D91A00CFBFD4 /* Resources */,
				7E0DCEC938302E6C89DDFCFC /* [CP] Embed Pods Frameworks */,
			);
			buildRules = (
			);
			dependencies = (
			);
			name = photoLibs;
			productName = photoLibs;
			productReference = CEEC0AC32377D91A00CFBFD4 /* photoLibs.app */;
			productType = "com.apple.product-type.application";
		};
/* End PBXNativeTarget section */

/* Begin PBXProject section */
		CEEC0ABB2377D91A00CFBFD4 /* Project object */ = {
			isa = PBXProject;
			attributes = {
				LastSwiftUpdateCheck = 1010;
				LastUpgradeCheck = 1010;
				ORGANIZATIONNAME = Username;
				TargetAttributes = {
					CEEC0AC22377D91A00CFBFD4 = {
						CreatedOnToolsVersion = 10.1;
					};
				};
			};
			buildConfigurationList = CEEC0ABE2377D91A00CFBFD4 /* Build configuration list for PBXProject "photoLibs" */;
			compatibilityVersion = "Xcode 9.3";
			developmentRegion = en;
			hasScannedForEncodings = 0;
			knownRegions = (
				en,
				Base,
			);
			mainGroup = CEEC0ABA2377D91A00CFBFD4;
			productRefGroup = CEEC0AC42377D91A00CFBFD4 /* Products */;
			projectDirPath = "";
			projectRoot = "";
			targets = (
				CEEC0AC22377D91A00CFBFD4 /* photoLibs */,
			);
		};
/* End PBXProject section */

/* Begin PBXResourcesBuildPhase section */
		CEEC0AC12377D91A00CFBFD4 /* Resources */ = {
			isa = PBXResourcesBuildPhase;
			buildActionMask = 2147483647;
			files = (
				CE0D5C7E2377F734003C57B4 /* PhotoCollectionCell.xib in Resources */,
				CE94D608237D79BC00314322 /* AlbumView.xib in Resources */,
				CEEC0AD12377D91C00CFBFD4 /* LaunchScreen.storyboard in Resources */,
				CEEC0AF52377E0D000CFBFD4 /* Alert.storyboard in Resources */,
				CEEC0AF32377E0B600CFBFD4 /* TwoButton.storyboard in Resources */,
				CE0D5C8A23780267003C57B4 /* NavigBarView.xib in Resources */,
				CE0D5C8B23780267003C57B4 /* ImageStoryboard.storyboard in Resources */,
				CE0D5C8E23780267003C57B4 /* CellZoom.xib in Resources */,
				CEEC0ACE2377D91C00CFBFD4 /* Assets.xcassets in Resources */,
				CEEC0AE92377DEE400CFBFD4 /* TabBarStoryboard.storyboard in Resources */,
				CE0D5CA3237BC38B003C57B4 /* ViewPhotoCollection.xib in Resources */,
			);
			runOnlyForDeploymentPostprocessing = 0;
		};
/* End PBXResourcesBuildPhase section */

/* Begin PBXShellScriptBuildPhase section */
		7E0DCEC938302E6C89DDFCFC /* [CP] Embed Pods Frameworks */ = {
			isa = PBXShellScriptBuildPhase;
			buildActionMask = 2147483647;
			files = (
			);
			inputFileListPaths = (
			);
			inputPaths = (
				"${SRCROOT}/Pods/Target Support Files/Pods-photoLibs/Pods-photoLibs-frameworks.sh",
				"${BUILT_PRODUCTS_DIR}/SwiftyCam/SwiftyCam.framework",
			);
			name = "[CP] Embed Pods Frameworks";
			outputFileListPaths = (
			);
			outputPaths = (
				"${TARGET_BUILD_DIR}/${FRAMEWORKS_FOLDER_PATH}/SwiftyCam.framework",
			);
			runOnlyForDeploymentPostprocessing = 0;
			shellPath = /bin/sh;
			shellScript = "\"${SRCROOT}/Pods/Target Support Files/Pods-photoLibs/Pods-photoLibs-frameworks.sh\"\n";
			showEnvVarsInLog = 0;
		};
		A002352A7D8656CF3F06078B /* [CP] Check Pods Manifest.lock */ = {
			isa = PBXShellScriptBuildPhase;
			buildActionMask = 2147483647;
			files = (
			);
			inputFileListPaths = (
			);
			inputPaths = (
				"${PODS_PODFILE_DIR_PATH}/Podfile.lock",
				"${PODS_ROOT}/Manifest.lock",
			);
			name = "[CP] Check Pods Manifest.lock";
			outputFileListPaths = (
			);
			outputPaths = (
				"$(DERIVED_FILE_DIR)/Pods-photoLibs-checkManifestLockResult.txt",
			);
			runOnlyForDeploymentPostprocessing = 0;
			shellPath = /bin/sh;
			shellScript = "diff \"${PODS_PODFILE_DIR_PATH}/Podfile.lock\" \"${PODS_ROOT}/Manifest.lock\" > /dev/null\nif [ $? != 0 ] ; then\n    # print error to STDERR\n    echo \"error: The sandbox is not in sync with the Podfile.lock. Run 'pod install' or update your CocoaPods installation.\" >&2\n    exit 1\nfi\n# This output is used by Xcode 'outputs' to avoid re-running this script phase.\necho \"SUCCESS\" > \"${SCRIPT_OUTPUT_FILE_0}\"\n";
			showEnvVarsInLog = 0;
		};
/* End PBXShellScriptBuildPhase section */

/* Begin PBXSourcesBuildPhase section */
		CEEC0ABF2377D91A00CFBFD4 /* Sources */ = {
			isa = PBXSourcesBuildPhase;
			buildActionMask = 2147483647;
			files = (
				CE94D5F7237D593A00314322 /* Extension.swift in Sources */,
				CEEC0AE42377DBE700CFBFD4 /* SupportClass.swift in Sources */,
				CEEC0AF72377E14500CFBFD4 /* TwoButtonVC.swift in Sources */,
				CEEC0AE12377DBE700CFBFD4 /* Utils.swift in Sources */,
				CE94D5FC237D5DD200314322 /* CameraVCPresentCollectionAnimate.swift in Sources */,
				CE0D5C9823799718003C57B4 /* PresentZoomVCAnimation.swift in Sources */,
				CE94D5FA237D5D8100314322 /* CameraVCCollectionExtension.swift in Sources */,
				CEEC0AF02377DF9800CFBFD4 /* UIViewController.swift in Sources */,
				CE0D5C8D23780267003C57B4 /* ImageZoomVC.swift in Sources */,
				CE94D60A237D79E000314322 /* AlbumView.swift in Sources */,
				CEEC0ADF2377DBE700CFBFD4 /* SupportNotification.swift in Sources */,
				CEEC0AE32377DBE700CFBFD4 /* ManagerPhotos.swift in Sources */,
				CE0D5C8C23780267003C57B4 /* CellZoom.swift in Sources */,
				CE0D5C9023780267003C57B4 /* NavigBarView.swift in Sources */,
				CE0D5C7D2377F734003C57B4 /* PhotoCollectionCell.swift in Sources */,
				CEEC0AE02377DBE700CFBFD4 /* UIWindovs.swift in Sources */,
				CE0D5C8F23780267003C57B4 /* ImageScrollView.swift in Sources */,
				CEEC0AF92377E19F00CFBFD4 /* AlertViewController.swift in Sources */,
				CE0D5C9923799718003C57B4 /* DismissZoomVCAnimation.swift in Sources */,
				CEEC0AE22377DBE700CFBFD4 /* ApplicationOpportunities.swift in Sources */,
				CEEC0AEB2377DF1D00CFBFD4 /* TabBarVC.swift in Sources */,
				CEEC0B032377E77400CFBFD4 /* CameraViewController.swift in Sources */,
				CE0D5CA5237BC3AC003C57B4 /* ViewPhotoCollection.swift in Sources */,
				CEEC0AC72377D91A00CFBFD4 /* AppDelegate.swift in Sources */,
				CE0D5CA7237BD4BF003C57B4 /* TestVC.swift in Sources */,
				CE94D5FF237D5EF300314322 /* PhotoVCExtensionCollection.swift in Sources */,
				CEEC0B002377E23300CFBFD4 /* PhotoViewController.swift in Sources */,
				CE94D601237D5F3100314322 /* PhotoVCExtension.swift in Sources */,
			);
			runOnlyForDeploymentPostprocessing = 0;
		};
/* End PBXSourcesBuildPhase section */

/* Begin PBXVariantGroup section */
		CEEC0ACF2377D91C00CFBFD4 /* LaunchScreen.storyboard */ = {
			isa = PBXVariantGroup;
			children = (
				CEEC0AD02377D91C00CFBFD4 /* Base */,
			);
			name = LaunchScreen.storyboard;
			sourceTree = "<group>";
		};
/* End PBXVariantGroup section */

/* Begin XCBuildConfiguration section */
		CEEC0AD32377D91C00CFBFD4 /* Debug */ = {
			isa = XCBuildConfiguration;
			buildSettings = {
				ALWAYS_SEARCH_USER_PATHS = NO;
				CLANG_ANALYZER_NONNULL = YES;
				CLANG_ANALYZER_NUMBER_OBJECT_CONVERSION = YES_AGGRESSIVE;
				CLANG_CXX_LANGUAGE_STANDARD = "gnu++14";
				CLANG_CXX_LIBRARY = "libc++";
				CLANG_ENABLE_MODULES = YES;
				CLANG_ENABLE_OBJC_ARC = YES;
				CLANG_ENABLE_OBJC_WEAK = YES;
				CLANG_WARN_BLOCK_CAPTURE_AUTORELEASING = YES;
				CLANG_WARN_BOOL_CONVERSION = YES;
				CLANG_WARN_COMMA = YES;
				CLANG_WARN_CONSTANT_CONVERSION = YES;
				CLANG_WARN_DEPRECATED_OBJC_IMPLEMENTATIONS = YES;
				CLANG_WARN_DIRECT_OBJC_ISA_USAGE = YES_ERROR;
				CLANG_WARN_DOCUMENTATION_COMMENTS = YES;
				CLANG_WARN_EMPTY_BODY = YES;
				CLANG_WARN_ENUM_CONVERSION = YES;
				CLANG_WARN_INFINITE_RECURSION = YES;
				CLANG_WARN_INT_CONVERSION = YES;
				CLANG_WARN_NON_LITERAL_NULL_CONVERSION = YES;
				CLANG_WARN_OBJC_IMPLICIT_RETAIN_SELF = YES;
				CLANG_WARN_OBJC_LITERAL_CONVERSION = YES;
				CLANG_WARN_OBJC_ROOT_CLASS = YES_ERROR;
				CLANG_WARN_RANGE_LOOP_ANALYSIS = YES;
				CLANG_WARN_STRICT_PROTOTYPES = YES;
				CLANG_WARN_SUSPICIOUS_MOVE = YES;
				CLANG_WARN_UNGUARDED_AVAILABILITY = YES_AGGRESSIVE;
				CLANG_WARN_UNREACHABLE_CODE = YES;
				CLANG_WARN__DUPLICATE_METHOD_MATCH = YES;
				CODE_SIGN_IDENTITY = "iPhone Developer";
				COPY_PHASE_STRIP = NO;
				DEBUG_INFORMATION_FORMAT = dwarf;
				ENABLE_STRICT_OBJC_MSGSEND = YES;
				ENABLE_TESTABILITY = YES;
				GCC_C_LANGUAGE_STANDARD = gnu11;
				GCC_DYNAMIC_NO_PIC = NO;
				GCC_NO_COMMON_BLOCKS = YES;
				GCC_OPTIMIZATION_LEVEL = 0;
				GCC_PREPROCESSOR_DEFINITIONS = (
					"DEBUG=1",
					"$(inherited)",
				);
				GCC_WARN_64_TO_32_BIT_CONVERSION = YES;
				GCC_WARN_ABOUT_RETURN_TYPE = YES_ERROR;
				GCC_WARN_UNDECLARED_SELECTOR = YES;
				GCC_WARN_UNINITIALIZED_AUTOS = YES_AGGRESSIVE;
				GCC_WARN_UNUSED_FUNCTION = YES;
				GCC_WARN_UNUSED_VARIABLE = YES;
				IPHONEOS_DEPLOYMENT_TARGET = 12.1;
				MTL_ENABLE_DEBUG_INFO = INCLUDE_SOURCE;
				MTL_FAST_MATH = YES;
				ONLY_ACTIVE_ARCH = YES;
				SDKROOT = iphoneos;
				SWIFT_ACTIVE_COMPILATION_CONDITIONS = DEBUG;
				SWIFT_OPTIMIZATION_LEVEL = "-Onone";
			};
			name = Debug;
		};
		CEEC0AD42377D91C00CFBFD4 /* Release */ = {
			isa = XCBuildConfiguration;
			buildSettings = {
				ALWAYS_SEARCH_USER_PATHS = NO;
				CLANG_ANALYZER_NONNULL = YES;
				CLANG_ANALYZER_NUMBER_OBJECT_CONVERSION = YES_AGGRESSIVE;
				CLANG_CXX_LANGUAGE_STANDARD = "gnu++14";
				CLANG_CXX_LIBRARY = "libc++";
				CLANG_ENABLE_MODULES = YES;
				CLANG_ENABLE_OBJC_ARC = YES;
				CLANG_ENABLE_OBJC_WEAK = YES;
				CLANG_WARN_BLOCK_CAPTURE_AUTORELEASING = YES;
				CLANG_WARN_BOOL_CONVERSION = YES;
				CLANG_WARN_COMMA = YES;
				CLANG_WARN_CONSTANT_CONVERSION = YES;
				CLANG_WARN_DEPRECATED_OBJC_IMPLEMENTATIONS = YES;
				CLANG_WARN_DIRECT_OBJC_ISA_USAGE = YES_ERROR;
				CLANG_WARN_DOCUMENTATION_COMMENTS = YES;
				CLANG_WARN_EMPTY_BODY = YES;
				CLANG_WARN_ENUM_CONVERSION = YES;
				CLANG_WARN_INFINITE_RECURSION = YES;
				CLANG_WARN_INT_CONVERSION = YES;
				CLANG_WARN_NON_LITERAL_NULL_CONVERSION = YES;
				CLANG_WARN_OBJC_IMPLICIT_RETAIN_SELF = YES;
				CLANG_WARN_OBJC_LITERAL_CONVERSION = YES;
				CLANG_WARN_OBJC_ROOT_CLASS = YES_ERROR;
				CLANG_WARN_RANGE_LOOP_ANALYSIS = YES;
				CLANG_WARN_STRICT_PROTOTYPES = YES;
				CLANG_WARN_SUSPICIOUS_MOVE = YES;
				CLANG_WARN_UNGUARDED_AVAILABILITY = YES_AGGRESSIVE;
				CLANG_WARN_UNREACHABLE_CODE = YES;
				CLANG_WARN__DUPLICATE_METHOD_MATCH = YES;
				CODE_SIGN_IDENTITY = "iPhone Developer";
				COPY_PHASE_STRIP = NO;
				DEBUG_INFORMATION_FORMAT = "dwarf-with-dsym";
				ENABLE_NS_ASSERTIONS = NO;
				ENABLE_STRICT_OBJC_MSGSEND = YES;
				GCC_C_LANGUAGE_STANDARD = gnu11;
				GCC_NO_COMMON_BLOCKS = YES;
				GCC_WARN_64_TO_32_BIT_CONVERSION = YES;
				GCC_WARN_ABOUT_RETURN_TYPE = YES_ERROR;
				GCC_WARN_UNDECLARED_SELECTOR = YES;
				GCC_WARN_UNINITIALIZED_AUTOS = YES_AGGRESSIVE;
				GCC_WARN_UNUSED_FUNCTION = YES;
				GCC_WARN_UNUSED_VARIABLE = YES;
				IPHONEOS_DEPLOYMENT_TARGET = 12.1;
				MTL_ENABLE_DEBUG_INFO = NO;
				MTL_FAST_MATH = YES;
				SDKROOT = iphoneos;
				SWIFT_COMPILATION_MODE = wholemodule;
				SWIFT_OPTIMIZATION_LEVEL = "-O";
				VALIDATE_PRODUCT = YES;
			};
			name = Release;
		};
		CEEC0AD62377D91C00CFBFD4 /* Debug */ = {
			isa = XCBuildConfiguration;
			baseConfigurationReference = 171DB45814FB3815FC442050 /* Pods-photoLibs.debug.xcconfig */;
			buildSettings = {
				ASSETCATALOG_COMPILER_APPICON_NAME = AppIcon;
				CODE_SIGN_STYLE = Automatic;
				DEVELOPMENT_TEAM = WJY55Z8FDT;
				INFOPLIST_FILE = "$(SRCROOT)/photoLibs/Resorces/Info.plist";
				IPHONEOS_DEPLOYMENT_TARGET = 9.0;
				LD_RUNPATH_SEARCH_PATHS = (
					"$(inherited)",
					"@executable_path/Frameworks",
				);
				PRODUCT_BUNDLE_IDENTIFIER = itMS.photoLibs;
				PRODUCT_NAME = "$(TARGET_NAME)";
				SWIFT_VERSION = 4.2;
				TARGETED_DEVICE_FAMILY = "1,2";
			};
			name = Debug;
		};
		CEEC0AD72377D91C00CFBFD4 /* Release */ = {
			isa = XCBuildConfiguration;
			baseConfigurationReference = A73A78AB21CE2F5527D6FC52 /* Pods-photoLibs.release.xcconfig */;
			buildSettings = {
				ASSETCATALOG_COMPILER_APPICON_NAME = AppIcon;
				CODE_SIGN_STYLE = Automatic;
				DEVELOPMENT_TEAM = WJY55Z8FDT;
				INFOPLIST_FILE = "$(SRCROOT)/photoLibs/Resorces/Info.plist";
				IPHONEOS_DEPLOYMENT_TARGET = 9.0;
				LD_RUNPATH_SEARCH_PATHS = (
					"$(inherited)",
					"@executable_path/Frameworks",
				);
				PRODUCT_BUNDLE_IDENTIFIER = itMS.photoLibs;
				PRODUCT_NAME = "$(TARGET_NAME)";
				SWIFT_VERSION = 4.2;
				TARGETED_DEVICE_FAMILY = "1,2";
			};
			name = Release;
		};
/* End XCBuildConfiguration section */

/* Begin XCConfigurationList section */
		CEEC0ABE2377D91A00CFBFD4 /* Build configuration list for PBXProject "photoLibs" */ = {
			isa = XCConfigurationList;
			buildConfigurations = (
				CEEC0AD32377D91C00CFBFD4 /* Debug */,
				CEEC0AD42377D91C00CFBFD4 /* Release */,
			);
			defaultConfigurationIsVisible = 0;
			defaultConfigurationName = Release;
		};
		CEEC0AD52377D91C00CFBFD4 /* Build configuration list for PBXNativeTarget "photoLibs" */ = {
			isa = XCConfigurationList;
			buildConfigurations = (
				CEEC0AD62377D91C00CFBFD4 /* Debug */,
				CEEC0AD72377D91C00CFBFD4 /* Release */,
			);
			defaultConfigurationIsVisible = 0;
			defaultConfigurationName = Release;
		};
/* End XCConfigurationList section */
	};
	rootObject = CEEC0ABB2377D91A00CFBFD4 /* Project object */;
}
